
Microsoft Visual Studio Solution File, Format Version 12.00
# Visual Studio Version 17
VisualStudioVersion = 17.9.34622.214
MinimumVisualStudioVersion = 10.0.40219.1
Project("{9A19103F-16F7-4668-BE54-9A1E7A4F7556}") = "WarehouseManager.Presentation", "WarehouseManager.Presentation\WarehouseManager.Presentation.csproj", "{6A3496F0-2786-4E39-ACCF-85038A1D7246}"
EndProject
Project("{FAE04EC0-301F-11D3-BF4B-00C04F79EFBC}") = "WarehouseManager.Domain", "WarehouseManager.Domain\WarehouseManager.Domain.csproj", "{570B186D-434B-416E-8448-3328823CB2ED}"
EndProject
Project("{FAE04EC0-301F-11D3-BF4B-00C04F79EFBC}") = "WarehouseManager.Infrastructure", "WarehouseManager.Infrastructure\WarehouseManager.Infrastructure.csproj", "{02A59B6E-8C69-4D2F-9D46-9D28FED2973F}"
EndProject
Project("{FAE04EC0-301F-11D3-BF4B-00C04F79EFBC}") = "WarehouseManager.Application", "WarehouseManager.Application\WarehouseManager.Application.csproj", "{F8C15386-233F-4CC7-901C-61C6082A4523}"
EndProject
Global
	GlobalSection(SolutionConfigurationPlatforms) = preSolution
		Debug|Any CPU = Debug|Any CPU
		Release|Any CPU = Release|Any CPU
	EndGlobalSection
	GlobalSection(ProjectConfigurationPlatforms) = postSolution
		{6A3496F0-2786-4E39-ACCF-85038A1D7246}.Debug|Any CPU.ActiveCfg = Debug|Any CPU
		{6A3496F0-2786-4E39-ACCF-85038A1D7246}.Debug|Any CPU.Build.0 = Debug|Any CPU
		{6A3496F0-2786-4E39-ACCF-85038A1D7246}.Release|Any CPU.ActiveCfg = Release|Any CPU
		{6A3496F0-2786-4E39-ACCF-85038A1D7246}.Release|Any CPU.Build.0 = Release|Any CPU
		{570B186D-434B-416E-8448-3328823CB2ED}.Debug|Any CPU.ActiveCfg = Debug|Any CPU
		{570B186D-434B-416E-8448-3328823CB2ED}.Debug|Any CPU.Build.0 = Debug|Any CPU
		{570B186D-434B-416E-8448-3328823CB2ED}.Release|Any CPU.ActiveCfg = Release|Any CPU
		{570B186D-434B-416E-8448-3328823CB2ED}.Release|Any CPU.Build.0 = Release|Any CPU
		{02A59B6E-8C69-4D2F-9D46-9D28FED2973F}.Debug|Any CPU.ActiveCfg = Debug|Any CPU
		{02A59B6E-8C69-4D2F-9D46-9D28FED2973F}.Debug|Any CPU.Build.0 = Debug|Any CPU
		{02A59B6E-8C69-4D2F-9D46-9D28FED2973F}.Release|Any CPU.ActiveCfg = Release|Any CPU
		{02A59B6E-8C69-4D2F-9D46-9D28FED2973F}.Release|Any CPU.Build.0 = Release|Any CPU
		{F8C15386-233F-4CC7-901C-61C6082A4523}.Debug|Any CPU.ActiveCfg = Debug|Any CPU
		{F8C15386-233F-4CC7-901C-61C6082A4523}.Debug|Any CPU.Build.0 = Debug|Any CPU
		{F8C15386-233F-4CC7-901C-61C6082A4523}.Release|Any CPU.ActiveCfg = Release|Any CPU
		{F8C15386-233F-4CC7-901C-61C6082A4523}.Release|Any CPU.Build.0 = Release|Any CPU
	EndGlobalSection
	GlobalSection(SolutionProperties) = preSolution
		HideSolutionNode = FALSE
	EndGlobalSection
	GlobalSection(ExtensibilityGlobals) = postSolution
		SolutionGuid = {D3C36692-284C-478D-84DB-0EB5596AC410}
	EndGlobalSection
EndGlobal
